{
  "name": "indonesia-geodata",
  "version": "0.1.0-beta.2",
  "lockfileVersion": 3,
  "requires": true,
  "packages": {
    "": {
      "name": "indonesia-geodata",
      "version": "0.1.0-beta.2",
      "license": "SEE LICENSE IN LICENSE",
      "peerDependencies": {
        "@types/geojson": "^7946.0.16"
      }
    },
    "node_modules/@types/geojson": {
      "version": "7946.0.16",
      "resolved": "https://registry.npmjs.org/@types/geojson/-/geojson-7946.0.16.tgz",
      "integrity": "sha512-6C8nqWur3j98U6+lXDfTUWIfgvZU+EumvpHKcYjujKH7woYyLj2sUmff0tRhrqM7BohUw7Pz3ZB1jj2gW9Fvmg==",
      "license": "MIT",
      "peer": true
    }
  }
}
