{
  "name": "indonesia-geodata",
  "version": "0.1.0-beta.3",
  "lockfileVersion": 3,
  "requires": true,
  "packages": {
    "": {
      "name": "indonesia-geodata",
      "version": "0.1.0-beta.3",
      "license": "SEE LICENSE IN LICENSE",
      "devDependencies": {
        "simplify-geojson": "^1.0.5"
      },
      "peerDependencies": {
        "@types/geojson": "^7946.0.16"
      }
    },
    "node_modules/@types/geojson": {
      "version": "7946.0.16",
      "resolved": "https://registry.npmjs.org/@types/geojson/-/geojson-7946.0.16.tgz",
      "integrity": "sha512-6C8nqWur3j98U6+lXDfTUWIfgvZU+EumvpHKcYjujKH7woYyLj2sUmff0tRhrqM7BohUw7Pz3ZB1jj2gW9Fvmg==",
      "license": "MIT",
      "peer": true
    },
    "node_modules/concat-stream": {
      "version": "1.4.11",
      "resolved": "https://registry.npmjs.org/concat-stream/-/concat-stream-1.4.11.tgz",
      "integrity": "sha512-X3JMh8+4je3U1cQpG87+f9lXHDrqcb2MVLg9L7o8b1UZ0DzhRrUpdn65ttzu10PpJPPI3MQNkis+oha6TSA9Mw==",
      "dev": true,
      "engines": [
        "node >= 0.8"
      ],
      "license": "MIT",
      "dependencies": {
        "inherits": "~2.0.1",
        "readable-stream": "~1.1.9",
        "typedarray": "~0.0.5"
      }
    },
    "node_modules/core-util-is": {
      "version": "1.0.3",
      "resolved": "https://registry.npmjs.org/core-util-is/-/core-util-is-1.0.3.tgz",
      "integrity": "sha512-ZQBvi1DcpJ4GDqanjucZ2Hj3wEO5pZDS89BWbkcrvdxksJorwUDDZamX9ldFkp9aw2lmBDLgkObEA4DWNJ9FYQ==",
      "dev": true,
      "license": "MIT"
    },
    "node_modules/inherits": {
      "version": "2.0.4",
      "resolved": "https://registry.npmjs.org/inherits/-/inherits-2.0.4.tgz",
      "integrity": "sha512-k/vGaX4/Yla3WzyMCvTQOXYeIHvqOKtnqBduzTHpzpQZzAskKMhZ2K+EnBiSM9zGSoIFeMpXKxa4dYeZIQqewQ==",
      "dev": true,
      "license": "ISC"
    },
    "node_modules/isarray": {
      "version": "0.0.1",
      "resolved": "https://registry.npmjs.org/isarray/-/isarray-0.0.1.tgz",
      "integrity": "sha512-D2S+3GLxWH+uhrNEcoh/fnmYeP8E8/zHl644d/jdA0g2uyXvy3sb0qxotE+ne0LtccHknQzWwZEzhak7oJ0COQ==",
      "dev": true,
      "license": "MIT"
    },
    "node_modules/minimist": {
      "version": "1.2.6",
      "resolved": "https://registry.npmjs.org/minimist/-/minimist-1.2.6.tgz",
      "integrity": "sha512-Jsjnk4bw3YJqYzbdyBiNsPWHPfO++UGG749Cxs6peCu5Xg4nrena6OVxOYxrQTqww0Jmwt+Ref8rggumkTLz9Q==",
      "dev": true,
      "license": "MIT"
    },
    "node_modules/readable-stream": {
      "version": "1.1.14",
      "resolved": "https://registry.npmjs.org/readable-stream/-/readable-stream-1.1.14.tgz",
      "integrity": "sha512-+MeVjFf4L44XUkhM1eYbD8fyEsxcV81pqMSR5gblfcLCHfZvbrqy4/qYHE+/R5HoBUT11WV5O08Cr1n3YXkWVQ==",
      "dev": true,
      "license": "MIT",
      "dependencies": {
        "core-util-is": "~1.0.0",
        "inherits": "~2.0.1",
        "isarray": "0.0.1",
        "string_decoder": "~0.10.x"
      }
    },
    "node_modules/simplify-geojson": {
      "version": "1.0.5",
      "resolved": "https://registry.npmjs.org/simplify-geojson/-/simplify-geojson-1.0.5.tgz",
      "integrity": "sha512-02l1W4UipP5ivNVq6kX15mAzCRIV1oI3tz0FUEyOsNiv1ltuFDjbNhO+nbv/xhbDEtKqWLYuzpWhUsJrjR/ypA==",
      "dev": true,
      "license": "BSD-2-Clause",
      "dependencies": {
        "concat-stream": "~1.4.1",
        "minimist": "1.2.6",
        "simplify-geometry": "0.0.2"
      },
      "bin": {
        "simplify-geojson": "cli.js"
      }
    },
    "node_modules/simplify-geometry": {
      "version": "0.0.2",
      "resolved": "https://registry.npmjs.org/simplify-geometry/-/simplify-geometry-0.0.2.tgz",
      "integrity": "sha512-ZEyrplkqgCqDlL7V8GbbYgTLlcnNF+MWWUdy8s8ZeJru50bnI71rDew/I+HG36QS2mPOYAq1ZjwNXxHJ8XOVBw==",
      "dev": true,
      "license": "MIT"
    },
    "node_modules/string_decoder": {
      "version": "0.10.31",
      "resolved": "https://registry.npmjs.org/string_decoder/-/string_decoder-0.10.31.tgz",
      "integrity": "sha512-ev2QzSzWPYmy9GuqfIVildA4OdcGLeFZQrq5ys6RtiuF+RQQiZWr8TZNyAcuVXyQRYfEO+MsoB/1BuQVhOJuoQ==",
      "dev": true,
      "license": "MIT"
    },
    "node_modules/typedarray": {
      "version": "0.0.7",
      "resolved": "https://registry.npmjs.org/typedarray/-/typedarray-0.0.7.tgz",
      "integrity": "sha512-ueeb9YybpjhivjbHP2LdFDAjbS948fGEPj+ACAMs4xCMmh72OCOMQWBQKlaN4ZNQ04yfLSDLSx1tGRIoWimObQ==",
      "dev": true,
      "license": "MIT",
      "funding": {
        "url": "https://github.com/sponsors/ljharb"
      }
    }
  }
}
